
Microsoft Visual Studio Solution File, Format Version 12.00
# Visual Studio Version 17
VisualStudioVersion = 17.6.33723.286
MinimumVisualStudioVersion = 10.0.40219.1
Project("{FAE04EC0-301F-11D3-BF4B-00C04F79EFBC}") = "Bookshelf", "Bookshelf\Bookshelf.csproj", "{BD6572E4-F5B0-4FFC-9505-650DD9800609}"
EndProject
Project("{FAE04EC0-301F-11D3-BF4B-00C04F79EFBC}") = "Bookshelf.BusinessLayer", "Bookshelf.BusinessLayer\Bookshelf.BusinessLayer.csproj", "{043D96AD-88E1-4F1A-B6A4-9FAF5F290676}"
EndProject
Project("{FAE04EC0-301F-11D3-BF4B-00C04F79EFBC}") = "Bookshelf.DataLayer", "Bookshelf.DataLayer\Bookshelf.DataLayer.csproj", "{9994E18F-2B6D-4A35-96A3-D8403B5830F8}"
EndProject
Global
	GlobalSection(SolutionConfigurationPlatforms) = preSolution
		Debug|Any CPU = Debug|Any CPU
		Release|Any CPU = Release|Any CPU
	EndGlobalSection
	GlobalSection(ProjectConfigurationPlatforms) = postSolution
		{BD6572E4-F5B0-4FFC-9505-650DD9800609}.Debug|Any CPU.ActiveCfg = Debug|Any CPU
		{BD6572E4-F5B0-4FFC-9505-650DD9800609}.Debug|Any CPU.Build.0 = Debug|Any CPU
		{BD6572E4-F5B0-4FFC-9505-650DD9800609}.Release|Any CPU.ActiveCfg = Release|Any CPU
		{BD6572E4-F5B0-4FFC-9505-650DD9800609}.Release|Any CPU.Build.0 = Release|Any CPU
		{043D96AD-88E1-4F1A-B6A4-9FAF5F290676}.Debug|Any CPU.ActiveCfg = Debug|Any CPU
		{043D96AD-88E1-4F1A-B6A4-9FAF5F290676}.Debug|Any CPU.Build.0 = Debug|Any CPU
		{043D96AD-88E1-4F1A-B6A4-9FAF5F290676}.Release|Any CPU.ActiveCfg = Release|Any CPU
		{043D96AD-88E1-4F1A-B6A4-9FAF5F290676}.Release|Any CPU.Build.0 = Release|Any CPU
		{9994E18F-2B6D-4A35-96A3-D8403B5830F8}.Debug|Any CPU.ActiveCfg = Debug|Any CPU
		{9994E18F-2B6D-4A35-96A3-D8403B5830F8}.Debug|Any CPU.Build.0 = Debug|Any CPU
		{9994E18F-2B6D-4A35-96A3-D8403B5830F8}.Release|Any CPU.ActiveCfg = Release|Any CPU
		{9994E18F-2B6D-4A35-96A3-D8403B5830F8}.Release|Any CPU.Build.0 = Release|Any CPU
	EndGlobalSection
	GlobalSection(SolutionProperties) = preSolution
		HideSolutionNode = FALSE
	EndGlobalSection
	GlobalSection(ExtensibilityGlobals) = postSolution
		SolutionGuid = {646A7201-F9A6-4439-AB1D-96412816ABCC}
	EndGlobalSection
EndGlobal
